{
  "requires": true,
  "lockfileVersion": 1,
  "dependencies": {
    "uview-ui": {
      "version": "1.8.2",
      "resolved": "https://registry.npm.taobao.org/uview-ui/download/uview-ui-1.8.2.tgz",
      "integrity": "sha1-cB+jC+BwSv/zDNBINC23lgBKfck="
    },
    "vconsole": {
      "version": "3.3.4",
      "resolved": "https://registry.npm.taobao.org/vconsole/download/vconsole-3.3.4.tgz",
      "integrity": "sha1-p9rNiIez0+kC6NGEJc2lbDTnf1E="
    }
  }
}
